<?xml version="1.0" encoding="utf-8"?>
<Project ToolsVersion="4.0" xmlns="http://schemas.microsoft.com/developer/msbuild/2003">
  <ItemGroup>
    <Filter Include="Исходные файлы">
      <UniqueIdentifier>{4FC737F1-C7A5-4376-A066-2A32D752A2FF}</UniqueIdentifier>
      <Extensions>cpp;c;cc;cxx;c++;cppm;ixx;def;odl;idl;hpj;bat;asm;asmx</Extensions>
    </Filter>
    <Filter Include="Файлы заголовков">
      <UniqueIdentifier>{93995380-89BD-4b04-88EB-625FBE52EBFB}</UniqueIdentifier>
      <Extensions>h;hh;hpp;hxx;h++;hm;inl;inc;ipp;xsd</Extensions>
    </Filter>
    <Filter Include="Файлы ресурсов">
      <UniqueIdentifier>{67DA6AB6-F800-4c08-8B7A-83BB121AAD01}</UniqueIdentifier>
      <Extensions>rc;ico;cur;bmp;dlg;rc2;rct;bin;rgs;gif;jpg;jpeg;jpe;resx;tiff;tif;png;wav;mfcribbon-ms</Extensions>
    </Filter>
    <Filter Include="Исходные файлы\Common">
      <UniqueIdentifier>{d2a931e8-267b-4352-8bf3-754697d98b1e}</UniqueIdentifier>
    </Filter>
    <Filter Include="Файлы заголовков\Common">
      <UniqueIdentifier>{5760eb54-85aa-476c-b5c5-25447eeeb15f}</UniqueIdentifier>
    </Filter>
    <Filter Include="Исходные файлы\Graphics">
      <UniqueIdentifier>{65e68ac7-d51a-4112-a14c-a2c61c528e93}</UniqueIdentifier>
    </Filter>
    <Filter Include="Файлы заголовков\Graphics">
      <UniqueIdentifier>{12de1305-fb6f-4bc4-b97b-071aca5d7379}</UniqueIdentifier>
    </Filter>
    <Filter Include="Исходные файлы\Graphics\Assets">
      <UniqueIdentifier>{70168ba1-e971-4c6d-a030-c8edc8e6f957}</UniqueIdentifier>
    </Filter>
    <Filter Include="Файлы заголовков\Graphics\Assets">
      <UniqueIdentifier>{b009f54f-dc89-46d1-8734-18aaf3489b69}</UniqueIdentifier>
    </Filter>
    <Filter Include="Исходные файлы\Graphics\Resources">
      <UniqueIdentifier>{44df657d-37b1-4fd7-b664-509ea78eed75}</UniqueIdentifier>
    </Filter>
    <Filter Include="Файлы заголовков\Graphics\Resources">
      <UniqueIdentifier>{9f9b6b74-0f30-43fb-8085-022b08bca545}</UniqueIdentifier>
    </Filter>
    <Filter Include="Исходные файлы\Graphics\Assets\Loaders">
      <UniqueIdentifier>{84c687a9-eeee-45bc-92c8-3e51c680aed9}</UniqueIdentifier>
    </Filter>
    <Filter Include="Файлы заголовков\Graphics\Assets\Loaders">
      <UniqueIdentifier>{0aefdb12-c3d5-4047-99d5-6e38679adcfc}</UniqueIdentifier>
    </Filter>
  </ItemGroup>
  <ItemGroup>
    <ClCompile Include="Main.cpp">
      <Filter>Исходные файлы</Filter>
    </ClCompile>
    <ClCompile Include="Common\Application.cpp">
      <Filter>Исходные файлы\Common</Filter>
    </ClCompile>
    <ClCompile Include="Common\ProcessHandler.cpp">
      <Filter>Исходные файлы\Common</Filter>
    </ClCompile>
    <ClCompile Include="Common\Window.cpp">
      <Filter>Исходные файлы\Common</Filter>
    </ClCompile>
    <ClCompile Include="Common\WindowProcedure.cpp">
      <Filter>Исходные файлы\Common</Filter>
    </ClCompile>
    <ClCompile Include="Graphics\BufferManager.cpp">
      <Filter>Исходные файлы\Graphics</Filter>
    </ClCompile>
    <ClCompile Include="Graphics\CommandManager.cpp">
      <Filter>Исходные файлы\Graphics</Filter>
    </ClCompile>
    <ClCompile Include="Graphics\DescriptorManager.cpp">
      <Filter>Исходные файлы\Graphics</Filter>
    </ClCompile>
    <ClCompile Include="Graphics\DirectX12Renderer.cpp">
      <Filter>Исходные файлы\Graphics</Filter>
    </ClCompile>
    <ClCompile Include="Graphics\DirectX12Utilities.cpp">
      <Filter>Исходные файлы\Graphics</Filter>
    </ClCompile>
    <ClCompile Include="Graphics\TextureManager.cpp">
      <Filter>Исходные файлы\Graphics</Filter>
    </ClCompile>
    <ClCompile Include="Graphics\Assets\GeometryUtilities.cpp">
      <Filter>Исходные файлы\Graphics\Assets</Filter>
    </ClCompile>
    <ClCompile Include="Graphics\Assets\Material.cpp">
      <Filter>Исходные файлы\Graphics\Assets</Filter>
    </ClCompile>
    <ClCompile Include="Graphics\Assets\MaterialBuilder.cpp">
      <Filter>Исходные файлы\Graphics\Assets</Filter>
    </ClCompile>
    <ClCompile Include="Graphics\Assets\Mesh.cpp">
      <Filter>Исходные файлы\Graphics\Assets</Filter>
    </ClCompile>
    <ClCompile Include="Graphics\Assets\Loaders\DDSLoader.cpp">
      <Filter>Исходные файлы\Graphics\Assets\Loaders</Filter>
    </ClCompile>
    <ClCompile Include="Graphics\Assets\Loaders\HLSLLoader.cpp">
      <Filter>Исходные файлы\Graphics\Assets\Loaders</Filter>
    </ClCompile>
    <ClCompile Include="Graphics\Assets\Loaders\OBJLoader.cpp">
      <Filter>Исходные файлы\Graphics\Assets\Loaders</Filter>
    </ClCompile>
    <ClCompile Include="Graphics\Resources\BufferFactory.cpp">
      <Filter>Исходные файлы\Graphics\Resources</Filter>
    </ClCompile>
    <ClCompile Include="Graphics\Resources\ConstantBufferFactory.cpp">
      <Filter>Исходные файлы\Graphics\Resources</Filter>
    </ClCompile>
    <ClCompile Include="Graphics\Resources\DepthStencilFactory.cpp">
      <Filter>Исходные файлы\Graphics\Resources</Filter>
    </ClCompile>
    <ClCompile Include="Graphics\Resources\GPUResource.cpp">
      <Filter>Исходные файлы\Graphics\Resources</Filter>
    </ClCompile>
    <ClCompile Include="Graphics\Resources\IndexBufferFactory.cpp">
      <Filter>Исходные файлы\Graphics\Resources</Filter>
    </ClCompile>
    <ClCompile Include="Graphics\Resources\RenderTargetFactory.cpp">
      <Filter>Исходные файлы\Graphics\Resources</Filter>
    </ClCompile>
    <ClCompile Include="Graphics\Resources\ResourceManager.cpp">
      <Filter>Исходные файлы\Graphics\Resources</Filter>
    </ClCompile>
    <ClCompile Include="Graphics\Resources\RWBufferFactory.cpp">
      <Filter>Исходные файлы\Graphics\Resources</Filter>
    </ClCompile>
    <ClCompile Include="Graphics\Resources\RWTextureFactory.cpp">
      <Filter>Исходные файлы\Graphics\Resources</Filter>
    </ClCompile>
    <ClCompile Include="Graphics\Resources\TextureFactory.cpp">
      <Filter>Исходные файлы\Graphics\Resources</Filter>
    </ClCompile>
    <ClCompile Include="Graphics\Resources\VertexBufferFactory.cpp">
      <Filter>Исходные файлы\Graphics\Resources</Filter>
    </ClCompile>
  </ItemGroup>
  <ItemGroup>
    <ClInclude Include="Includes.h">
      <Filter>Файлы заголовков</Filter>
    </ClInclude>
    <ClInclude Include="Common\Application.h">
      <Filter>Файлы заголовков\Common</Filter>
    </ClInclude>
    <ClInclude Include="Common\ProcessHandler.h">
      <Filter>Файлы заголовков\Common</Filter>
    </ClInclude>
    <ClInclude Include="Common\WindowProcedure.h">
      <Filter>Файлы заголовков\Common</Filter>
    </ClInclude>
    <ClInclude Include="Common\Window.h">
      <Filter>Файлы заголовков\Common</Filter>
    </ClInclude>
    <ClInclude Include="Graphics\BufferManager.h">
      <Filter>Файлы заголовков\Graphics</Filter>
    </ClInclude>
    <ClInclude Include="Graphics\CommandManager.h">
      <Filter>Файлы заголовков\Graphics</Filter>
    </ClInclude>
    <ClInclude Include="Graphics\DescriptorManager.h">
      <Filter>Файлы заголовков\Graphics</Filter>
    </ClInclude>
    <ClInclude Include="Graphics\DirectX12Includes.h">
      <Filter>Файлы заголовков\Graphics</Filter>
    </ClInclude>
    <ClInclude Include="Graphics\DirectX12Renderer.h">
      <Filter>Файлы заголовков\Graphics</Filter>
    </ClInclude>
    <ClInclude Include="Graphics\DirectX12Utilities.h">
      <Filter>Файлы заголовков\Graphics</Filter>
    </ClInclude>
    <ClInclude Include="Graphics\TextureManager.h">
      <Filter>Файлы заголовков\Graphics</Filter>
    </ClInclude>
    <ClInclude Include="Graphics\VertexFormat.h">
      <Filter>Файлы заголовков\Graphics</Filter>
    </ClInclude>
    <ClInclude Include="Graphics\Assets\GeometryUtilities.h">
      <Filter>Файлы заголовков\Graphics\Assets</Filter>
    </ClInclude>
    <ClInclude Include="Graphics\Assets\Material.h">
      <Filter>Файлы заголовков\Graphics\Assets</Filter>
    </ClInclude>
    <ClInclude Include="Graphics\Assets\MaterialBuilder.h">
      <Filter>Файлы заголовков\Graphics\Assets</Filter>
    </ClInclude>
    <ClInclude Include="Graphics\Assets\Mesh.h">
      <Filter>Файлы заголовков\Graphics\Assets</Filter>
    </ClInclude>
    <ClInclude Include="Graphics\Assets\MeshDesc.h">
      <Filter>Файлы заголовков\Graphics\Assets</Filter>
    </ClInclude>
    <ClInclude Include="Graphics\Assets\Loaders\OBJLoader.h">
      <Filter>Файлы заголовков\Graphics\Assets\Loaders</Filter>
    </ClInclude>
    <ClInclude Include="Graphics\Assets\Loaders\HLSLLoader.h">
      <Filter>Файлы заголовков\Graphics\Assets\Loaders</Filter>
    </ClInclude>
    <ClInclude Include="Graphics\Assets\Loaders\DDSLoader.h">
      <Filter>Файлы заголовков\Graphics\Assets\Loaders</Filter>
    </ClInclude>
    <ClInclude Include="Graphics\Resources\VertexBufferFactory.h">
      <Filter>Файлы заголовков\Graphics\Resources</Filter>
    </ClInclude>
    <ClInclude Include="Graphics\Resources\TextureFactory.h">
      <Filter>Файлы заголовков\Graphics\Resources</Filter>
    </ClInclude>
    <ClInclude Include="Graphics\Resources\RWTextureFactory.h">
      <Filter>Файлы заголовков\Graphics\Resources</Filter>
    </ClInclude>
    <ClInclude Include="Graphics\Resources\RWBufferFactory.h">
      <Filter>Файлы заголовков\Graphics\Resources</Filter>
    </ClInclude>
    <ClInclude Include="Graphics\Resources\ResourceManager.h">
      <Filter>Файлы заголовков\Graphics\Resources</Filter>
    </ClInclude>
    <ClInclude Include="Graphics\Resources\RenderTargetFactory.h">
      <Filter>Файлы заголовков\Graphics\Resources</Filter>
    </ClInclude>
    <ClInclude Include="Graphics\Resources\IResourceFactory.h">
      <Filter>Файлы заголовков\Graphics\Resources</Filter>
    </ClInclude>
    <ClInclude Include="Graphics\Resources\IResourceDesc.h">
      <Filter>Файлы заголовков\Graphics\Resources</Filter>
    </ClInclude>
    <ClInclude Include="Graphics\Resources\IResource.h">
      <Filter>Файлы заголовков\Graphics\Resources</Filter>
    </ClInclude>
    <ClInclude Include="Graphics\Resources\IndexBufferFactory.h">
      <Filter>Файлы заголовков\Graphics\Resources</Filter>
    </ClInclude>
    <ClInclude Include="Graphics\Resources\GPUResource.h">
      <Filter>Файлы заголовков\Graphics\Resources</Filter>
    </ClInclude>
    <ClInclude Include="Graphics\Resources\DepthStencilFactory.h">
      <Filter>Файлы заголовков\Graphics\Resources</Filter>
    </ClInclude>
    <ClInclude Include="Graphics\Resources\ConstantBufferFactory.h">
      <Filter>Файлы заголовков\Graphics\Resources</Filter>
    </ClInclude>
    <ClInclude Include="Graphics\Resources\BufferFactory.h">
      <Filter>Файлы заголовков\Graphics\Resources</Filter>
    </ClInclude>
  </ItemGroup>
</Project>